PODS:
  - Kingfisher (8.3.2)
  - Macaroon/Banner (1.1.5)
  - Macaroon/Biometrics (1.1.5)
  - Macaroon/Core (1.1.5):
    - Macaroon/Core/Application (= 1.1.5)
    - Macaroon/Core/Error (= 1.1.5)
    - Macaroon/Core/Screens (= 1.1.5)
    - Macaroon/Core/Utils (= 1.1.5)
    - Macaroon/Core/Views (= 1.1.5)
    - SnapKit (~> 5.7.1)
  - Macaroon/Core-Hipo (1.1.5)
  - Macaroon/Core/Application (1.1.5):
    - Macaroon/Core/Application/Analytics (= 1.1.5)
    - Macaroon/Core/Application/Launch (= 1.1.5)
    - Macaroon/Core/Application/Route (= 1.1.5)
    - SnapKit (~> 5.7.1)
  - Macaroon/Core/Application/Analytics (1.1.5):
    - SnapKit (~> 5.7.1)
  - Macaroon/Core/Application/Launch (1.1.5):
    - SnapKit (~> 5.7.1)
  - Macaroon/Core/Application/Route (1.1.5):
    - Macaroon/Core/Application/Route/Deeplink (= 1.1.5)
    - SnapKit (~> 5.7.1)
  - Macaroon/Core/Application/Route/Deeplink (1.1.5):
    - SnapKit (~> 5.7.1)
  - Macaroon/Core/Error (1.1.5):
    - SnapKit (~> 5.7.1)
  - Macaroon/Core/Screens (1.1.5):
    - Macaroon/Core/Screens/Configuration (= 1.1.5)
    - Macaroon/Core/Screens/Containers (= 1.1.5)
    - Macaroon/Core/Screens/List (= 1.1.5)
    - SnapKit (~> 5.7.1)
  - Macaroon/Core/Screens/Configuration (1.1.5):
    - Macaroon/Core/Screens/Configuration/NavigationBar (= 1.1.5)
    - Macaroon/Core/Screens/Configuration/StatusBar (= 1.1.5)
    - SnapKit (~> 5.7.1)
  - Macaroon/Core/Screens/Configuration/NavigationBar (1.1.5):
    - SnapKit (~> 5.7.1)
  - Macaroon/Core/Screens/Configuration/StatusBar (1.1.5):
    - SnapKit (~> 5.7.1)
  - Macaroon/Core/Screens/Containers (1.1.5):
    - SnapKit (~> 5.7.1)
  - Macaroon/Core/Screens/List (1.1.5):
    - Macaroon/Core/Screens/List/Configuration (= 1.1.5)
    - SnapKit (~> 5.7.1)
  - Macaroon/Core/Screens/List/Configuration (1.1.5):
    - SnapKit (~> 5.7.1)
  - Macaroon/Core/Utils (1.1.5):
    - Macaroon/Core/Utils/Extensions (= 1.1.5)
    - Macaroon/Core/Utils/Image (= 1.1.5)
    - Macaroon/Core/Utils/List (= 1.1.5)
    - Macaroon/Core/Utils/Notification (= 1.1.5)
    - Macaroon/Core/Utils/Performance (= 1.1.5)
    - Macaroon/Core/Utils/Text (= 1.1.5)
    - Macaroon/Core/Utils/Time (= 1.1.5)
    - SnapKit (~> 5.7.1)
  - Macaroon/Core/Utils/Extensions (1.1.5):
    - Macaroon/Core/Utils/Extensions/Foundation (= 1.1.5)
    - Macaroon/Core/Utils/Extensions/UI (= 1.1.5)
    - SnapKit (~> 5.7.1)
  - Macaroon/Core/Utils/Extensions/Foundation (1.1.5):
    - SnapKit (~> 5.7.1)
  - Macaroon/Core/Utils/Extensions/UI (1.1.5):
    - SnapKit (~> 5.7.1)
  - Macaroon/Core/Utils/Image (1.1.5):
    - SnapKit (~> 5.7.1)
  - Macaroon/Core/Utils/List (1.1.5):
    - SnapKit (~> 5.7.1)
  - Macaroon/Core/Utils/Notification (1.1.5):
    - SnapKit (~> 5.7.1)
  - Macaroon/Core/Utils/Performance (1.1.5):
    - SnapKit (~> 5.7.1)
  - Macaroon/Core/Utils/Text (1.1.5):
    - Macaroon/Core/Utils/Text/Attributed (= 1.1.5)
    - SnapKit (~> 5.7.1)
  - Macaroon/Core/Utils/Text/Attributed (1.1.5):
    - SnapKit (~> 5.7.1)
  - Macaroon/Core/Utils/Time (1.1.5):
    - SnapKit (~> 5.7.1)
  - Macaroon/Core/Views (1.1.5):
    - Macaroon/Core/Views/BaseComponents (= 1.1.5)
    - Macaroon/Core/Views/Components (= 1.1.5)
    - Macaroon/Core/Views/Configuration (= 1.1.5)
    - Macaroon/Core/Views/ListComponents (= 1.1.5)
    - SnapKit (~> 5.7.1)
  - Macaroon/Core/Views/BaseComponents (1.1.5):
    - SnapKit (~> 5.7.1)
  - Macaroon/Core/Views/Components (1.1.5):
    - Macaroon/Core/Views/Components/EmptyStateView (= 1.1.5)
    - Macaroon/Core/Views/Components/MaskedTextInputView (= 1.1.5)
    - Macaroon/Core/Views/Components/SegmentedControl (= 1.1.5)
    - SnapKit (~> 5.7.1)
  - Macaroon/Core/Views/Components/EmptyStateView (1.1.5):
    - SnapKit (~> 5.7.1)
  - Macaroon/Core/Views/Components/MaskedTextInputView (1.1.5):
    - SnapKit (~> 5.7.1)
  - Macaroon/Core/Views/Components/SegmentedControl (1.1.5):
    - SnapKit (~> 5.7.1)
  - Macaroon/Core/Views/Configuration (1.1.5):
    - Macaroon/Core/Views/Configuration/Data (= 1.1.5)
    - Macaroon/Core/Views/Configuration/Layout (= 1.1.5)
    - Macaroon/Core/Views/Configuration/Styling (= 1.1.5)
    - SnapKit (~> 5.7.1)
  - Macaroon/Core/Views/Configuration/Data (1.1.5):
    - SnapKit (~> 5.7.1)
  - Macaroon/Core/Views/Configuration/Layout (1.1.5):
    - SnapKit (~> 5.7.1)
  - Macaroon/Core/Views/Configuration/Styling (1.1.5):
    - Macaroon/Core/Views/Configuration/Styling/Customization (= 1.1.5)
    - SnapKit (~> 5.7.1)
  - Macaroon/Core/Views/Configuration/Styling/Customization (1.1.5):
    - SnapKit (~> 5.7.1)
  - Macaroon/Core/Views/ListComponents (1.1.5):
    - SnapKit (~> 5.7.1)
  - Macaroon/CustomUI/FloatingPlaceholderTextInputs (1.1.5):
    - "MaterialComponents/TextControls+FilledTextAreas (~> 124.2.0)"
    - "MaterialComponents/TextControls+FilledTextFields (~> 124.2.0)"
  - Macaroon/Form (1.1.5):
    - Macaroon/Form/Screens (= 1.1.5)
    - Macaroon/Form/Utils (= 1.1.5)
    - Macaroon/Form/Views (= 1.1.5)
  - Macaroon/Form/Screens (1.1.5)
  - Macaroon/Form/Utils (1.1.5)
  - Macaroon/Form/Views (1.1.5)
  - Macaroon/MediaPicker (1.1.5)
  - Macaroon/Mixpanel (1.1.5):
    - Mixpanel-swift (~> 5.0.0)
  - Macaroon/PushNotification (1.1.5)
  - Macaroon/SVGImage (1.1.5):
    - Macaroon/URLImage
    - Macaw (= 0.9.7)
  - Macaroon/SwiftLint (1.1.5):
    - SwiftLint (~> 0.59.1)
  - Macaroon/TabBar (1.1.5)
  - Macaroon/URLImage (1.1.5):
    - Kingfisher (~> 8.3.2)
    - Macaroon/URLImage/Utils (= 1.1.5)
    - Macaroon/URLImage/ViewModels (= 1.1.5)
    - Macaroon/URLImage/Views (= 1.1.5)
    - SWXMLHash (~> 5.0.1)
  - Macaroon/URLImage/Utils (1.1.5):
    - Kingfisher (~> 8.3.2)
    - Macaroon/URLImage/Utils/Extensions (= 1.1.5)
    - Macaroon/URLImage/Utils/Properties (= 1.1.5)
    - SWXMLHash (~> 5.0.1)
  - Macaroon/URLImage/Utils/Extensions (1.1.5):
    - Kingfisher (~> 8.3.2)
    - SWXMLHash (~> 5.0.1)
  - Macaroon/URLImage/Utils/Properties (1.1.5):
    - Kingfisher (~> 8.3.2)
    - SWXMLHash (~> 5.0.1)
  - Macaroon/URLImage/ViewModels (1.1.5):
    - Kingfisher (~> 8.3.2)
    - SWXMLHash (~> 5.0.1)
  - Macaroon/URLImage/Views (1.1.5):
    - Kingfisher (~> 8.3.2)
    - Macaroon/URLImage/Views/Components (= 1.1.5)
    - Macaroon/URLImage/Views/Configuration (= 1.1.5)
    - SWXMLHash (~> 5.0.1)
  - Macaroon/URLImage/Views/Components (1.1.5):
    - Kingfisher (~> 8.3.2)
    - SWXMLHash (~> 5.0.1)
  - Macaroon/URLImage/Views/Configuration (1.1.5):
    - Kingfisher (~> 8.3.2)
    - Macaroon/URLImage/Views/Configuration/Styling (= 1.1.5)
    - SWXMLHash (~> 5.0.1)
  - Macaroon/URLImage/Views/Configuration/Styling (1.1.5):
    - Kingfisher (~> 8.3.2)
    - SWXMLHash (~> 5.0.1)
  - Macaroon/Zendesk-Chat (1.1.5):
    - ZendeskChatSDK (~> 3.0.0)
  - Macaw (0.9.7):
    - SWXMLHash
  - MaterialComponents/AnimationTiming (124.2.0)
  - MaterialComponents/Availability (124.2.0)
  - MaterialComponents/private/Math (124.2.0)
  - "MaterialComponents/private/TextControlsPrivate+BaseStyle (124.2.0)":
    - MaterialComponents/AnimationTiming
    - MaterialComponents/private/Math
    - "MaterialComponents/private/TextControlsPrivate+Shared"
  - "MaterialComponents/private/TextControlsPrivate+FilledStyle (124.2.0)":
    - MaterialComponents/AnimationTiming
    - MaterialComponents/Availability
    - MaterialComponents/private/Math
    - "MaterialComponents/private/TextControlsPrivate+Shared"
    - "MaterialComponents/private/TextControlsPrivate+UnderlinedStyle"
  - "MaterialComponents/private/TextControlsPrivate+Shared (124.2.0)":
    - MaterialComponents/AnimationTiming
    - MaterialComponents/private/Math
    - "MaterialComponents/TextControls+Enums"
  - "MaterialComponents/private/TextControlsPrivate+TextFields (124.2.0)":
    - MaterialComponents/private/Math
    - "MaterialComponents/private/TextControlsPrivate+Shared"
  - "MaterialComponents/private/TextControlsPrivate+UnderlinedStyle (124.2.0)":
    - MaterialComponents/AnimationTiming
    - MaterialComponents/Availability
    - MaterialComponents/private/Math
    - "MaterialComponents/private/TextControlsPrivate+Shared"
  - "MaterialComponents/TextControls+BaseTextAreas (124.2.0)":
    - "MaterialComponents/private/TextControlsPrivate+BaseStyle"
    - "MaterialComponents/private/TextControlsPrivate+Shared"
    - MDFInternationalization
  - "MaterialComponents/TextControls+BaseTextFields (124.2.0)":
    - "MaterialComponents/private/TextControlsPrivate+BaseStyle"
    - "MaterialComponents/private/TextControlsPrivate+Shared"
    - "MaterialComponents/private/TextControlsPrivate+TextFields"
    - MDFInternationalization
  - "MaterialComponents/TextControls+Enums (124.2.0)"
  - "MaterialComponents/TextControls+FilledTextAreas (124.2.0)":
    - MaterialComponents/Availability
    - "MaterialComponents/private/TextControlsPrivate+FilledStyle"
    - "MaterialComponents/TextControls+BaseTextAreas"
  - "MaterialComponents/TextControls+FilledTextFields (124.2.0)":
    - MaterialComponents/Availability
    - "MaterialComponents/private/TextControlsPrivate+FilledStyle"
    - "MaterialComponents/TextControls+BaseTextFields"
  - MDFInternationalization (3.0.0)
  - Mixpanel-swift (5.0.0):
    - Mixpanel-swift/Complete (= 5.0.0)
  - Mixpanel-swift/Complete (5.0.0)
  - SnapKit (5.7.1)
  - SwiftLint (0.59.1)
  - SWXMLHash (5.0.1)
  - ZendeskChatProvidersSDK (3.0.0)
  - ZendeskChatSDK (3.0.0):
    - ZendeskChatProvidersSDK (= 3.0.0)
    - ZendeskMessagingSDK (= 4.0.0)
  - ZendeskCommonUISDK (7.0.0)
  - ZendeskMessagingAPISDK (4.0.0):
    - ZendeskSDKConfigurationsSDK (= 2.0.0)
  - ZendeskMessagingSDK (4.0.0):
    - ZendeskCommonUISDK (= 7.0.0)
    - ZendeskMessagingAPISDK (= 4.0.0)
  - ZendeskSDKConfigurationsSDK (2.0.0)

DEPENDENCIES:
  - Macaroon/Banner (from `../`)
  - Macaroon/Biometrics (from `../`)
  - Macaroon/Core (from `../`)
  - Macaroon/Core-Hipo (from `../`)
  - Macaroon/CustomUI/FloatingPlaceholderTextInputs (from `../`)
  - Macaroon/Form (from `../`)
  - Macaroon/MediaPicker (from `../`)
  - Macaroon/Mixpanel (from `../`)
  - Macaroon/PushNotification (from `../`)
  - Macaroon/SVGImage (from `../`)
  - Macaroon/SwiftLint (from `../`)
  - Macaroon/TabBar (from `../`)
  - Macaroon/Zendesk-Chat (from `../`)

SPEC REPOS:
  trunk:
    - Kingfisher
    - Macaw
    - MaterialComponents
    - MDFInternationalization
    - Mixpanel-swift
    - SnapKit
    - SwiftLint
    - SWXMLHash
    - ZendeskChatProvidersSDK
    - ZendeskChatSDK
    - ZendeskCommonUISDK
    - ZendeskMessagingAPISDK
    - ZendeskMessagingSDK
    - ZendeskSDKConfigurationsSDK

EXTERNAL SOURCES:
  Macaroon:
    :path: "../"

SPEC CHECKSUMS:
  Kingfisher: 0621d0ac0c78fecb19f6dc5303bde2b52abaf2f5
  Macaroon: e544ca52dde6087eff75b5456aeb7d0584ed8596
  Macaw: 4a931baf9a9826b06d0d8ecf300014c962ab9d50
  MaterialComponents: 1a9b2d9d45b1601ae544de85089adc4c464306d4
  MDFInternationalization: d697c55307816222a55685c4ccb1044ffb030c12
  Mixpanel-swift: e9bef28a9648faff384d5ba6f48ecc2787eb24c0
  SnapKit: d612e99e678a2d3b95bf60b0705ed0a35c03484a
  SwiftLint: 3d48e2fb2a3468fdaccf049e5e755df22fb40c2c
  SWXMLHash: 9cc0c2e4807926c74377724aa8722ee5707a0485
  ZendeskChatProvidersSDK: af93e02e2058875f92e6ad86e74ee51203b4079e
  ZendeskChatSDK: fe03650a5ebe3d35fd1f4da90792021f809bcf11
  ZendeskCommonUISDK: f06dbac6c9e74c3afff75ecdc6bec3832b23258c
  ZendeskMessagingAPISDK: 95a99f1eab9482b4106ec88466b93a89f9f7c5fa
  ZendeskMessagingSDK: 4f5f3d43766bb3b2ea6411d1331cfe609ff33618
  ZendeskSDKConfigurationsSDK: a5c21010e17b71d02bc2cfe73dcc9da1efa0a7b2

PODFILE CHECKSUM: ea2d3fb2b73fad9ca66e87d00b421f09b620a621

COCOAPODS: 1.16.2
