PODS:
  - Kingfisher (5.15.8):
    - Kingfisher/Core (= 5.15.8)
  - Kingfisher/Core (5.15.8)
  - Macaroon/Banner (1.1.4)
  - Macaroon/Biometrics (1.1.4)
  - Macaroon/Core (1.1.4):
    - Macaroon/Core/Application (= 1.1.4)
    - Macaroon/Core/Error (= 1.1.4)
    - Macaroon/Core/Screens (= 1.1.4)
    - Macaroon/Core/Utils (= 1.1.4)
    - Macaroon/Core/Views (= 1.1.4)
    - SnapKit (~> 5.0.0)
  - Macaroon/Core-Hipo (1.1.4)
  - Macaroon/Core/Application (1.1.4):
    - Macaroon/Core/Application/Analytics (= 1.1.4)
    - Macaroon/Core/Application/Launch (= 1.1.4)
    - Macaroon/Core/Application/Route (= 1.1.4)
    - SnapKit (~> 5.0.0)
  - Macaroon/Core/Application/Analytics (1.1.4):
    - SnapKit (~> 5.0.0)
  - Macaroon/Core/Application/Launch (1.1.4):
    - SnapKit (~> 5.0.0)
  - Macaroon/Core/Application/Route (1.1.4):
    - Macaroon/Core/Application/Route/Deeplink (= 1.1.4)
    - SnapKit (~> 5.0.0)
  - Macaroon/Core/Application/Route/Deeplink (1.1.4):
    - SnapKit (~> 5.0.0)
  - Macaroon/Core/Error (1.1.4):
    - SnapKit (~> 5.0.0)
  - Macaroon/Core/Screens (1.1.4):
    - Macaroon/Core/Screens/Configuration (= 1.1.4)
    - Macaroon/Core/Screens/Containers (= 1.1.4)
    - Macaroon/Core/Screens/List (= 1.1.4)
    - SnapKit (~> 5.0.0)
  - Macaroon/Core/Screens/Configuration (1.1.4):
    - Macaroon/Core/Screens/Configuration/NavigationBar (= 1.1.4)
    - Macaroon/Core/Screens/Configuration/StatusBar (= 1.1.4)
    - SnapKit (~> 5.0.0)
  - Macaroon/Core/Screens/Configuration/NavigationBar (1.1.4):
    - SnapKit (~> 5.0.0)
  - Macaroon/Core/Screens/Configuration/StatusBar (1.1.4):
    - SnapKit (~> 5.0.0)
  - Macaroon/Core/Screens/Containers (1.1.4):
    - SnapKit (~> 5.0.0)
  - Macaroon/Core/Screens/List (1.1.4):
    - Macaroon/Core/Screens/List/Configuration (= 1.1.4)
    - SnapKit (~> 5.0.0)
  - Macaroon/Core/Screens/List/Configuration (1.1.4):
    - SnapKit (~> 5.0.0)
  - Macaroon/Core/Utils (1.1.4):
    - Macaroon/Core/Utils/Extensions (= 1.1.4)
    - Macaroon/Core/Utils/Image (= 1.1.4)
    - Macaroon/Core/Utils/List (= 1.1.4)
    - Macaroon/Core/Utils/Notification (= 1.1.4)
    - Macaroon/Core/Utils/Performance (= 1.1.4)
    - Macaroon/Core/Utils/Text (= 1.1.4)
    - Macaroon/Core/Utils/Time (= 1.1.4)
    - SnapKit (~> 5.0.0)
  - Macaroon/Core/Utils/Extensions (1.1.4):
    - Macaroon/Core/Utils/Extensions/Foundation (= 1.1.4)
    - Macaroon/Core/Utils/Extensions/UI (= 1.1.4)
    - SnapKit (~> 5.0.0)
  - Macaroon/Core/Utils/Extensions/Foundation (1.1.4):
    - SnapKit (~> 5.0.0)
  - Macaroon/Core/Utils/Extensions/UI (1.1.4):
    - SnapKit (~> 5.0.0)
  - Macaroon/Core/Utils/Image (1.1.4):
    - SnapKit (~> 5.0.0)
  - Macaroon/Core/Utils/List (1.1.4):
    - SnapKit (~> 5.0.0)
  - Macaroon/Core/Utils/Notification (1.1.4):
    - SnapKit (~> 5.0.0)
  - Macaroon/Core/Utils/Performance (1.1.4):
    - SnapKit (~> 5.0.0)
  - Macaroon/Core/Utils/Text (1.1.4):
    - Macaroon/Core/Utils/Text/Attributed (= 1.1.4)
    - SnapKit (~> 5.0.0)
  - Macaroon/Core/Utils/Text/Attributed (1.1.4):
    - SnapKit (~> 5.0.0)
  - Macaroon/Core/Utils/Time (1.1.4):
    - SnapKit (~> 5.0.0)
  - Macaroon/Core/Views (1.1.4):
    - Macaroon/Core/Views/BaseComponents (= 1.1.4)
    - Macaroon/Core/Views/Components (= 1.1.4)
    - Macaroon/Core/Views/Configuration (= 1.1.4)
    - Macaroon/Core/Views/ListComponents (= 1.1.4)
    - SnapKit (~> 5.0.0)
  - Macaroon/Core/Views/BaseComponents (1.1.4):
    - SnapKit (~> 5.0.0)
  - Macaroon/Core/Views/Components (1.1.4):
    - Macaroon/Core/Views/Components/EmptyStateView (= 1.1.4)
    - Macaroon/Core/Views/Components/MaskedTextInputView (= 1.1.4)
    - Macaroon/Core/Views/Components/SegmentedControl (= 1.1.4)
    - SnapKit (~> 5.0.0)
  - Macaroon/Core/Views/Components/EmptyStateView (1.1.4):
    - SnapKit (~> 5.0.0)
  - Macaroon/Core/Views/Components/MaskedTextInputView (1.1.4):
    - SnapKit (~> 5.0.0)
  - Macaroon/Core/Views/Components/SegmentedControl (1.1.4):
    - SnapKit (~> 5.0.0)
  - Macaroon/Core/Views/Configuration (1.1.4):
    - Macaroon/Core/Views/Configuration/Data (= 1.1.4)
    - Macaroon/Core/Views/Configuration/Layout (= 1.1.4)
    - Macaroon/Core/Views/Configuration/Styling (= 1.1.4)
    - SnapKit (~> 5.0.0)
  - Macaroon/Core/Views/Configuration/Data (1.1.4):
    - SnapKit (~> 5.0.0)
  - Macaroon/Core/Views/Configuration/Layout (1.1.4):
    - SnapKit (~> 5.0.0)
  - Macaroon/Core/Views/Configuration/Styling (1.1.4):
    - Macaroon/Core/Views/Configuration/Styling/Customization (= 1.1.4)
    - SnapKit (~> 5.0.0)
  - Macaroon/Core/Views/Configuration/Styling/Customization (1.1.4):
    - SnapKit (~> 5.0.0)
  - Macaroon/Core/Views/ListComponents (1.1.4):
    - SnapKit (~> 5.0.0)
  - Macaroon/CustomUI/FloatingPlaceholderTextInputs (1.1.4):
    - "MaterialComponents/TextControls+FilledTextAreas (~> 110.1.0)"
    - "MaterialComponents/TextControls+FilledTextFields (~> 110.1.0)"
  - Macaroon/Form (1.1.4):
    - Macaroon/Form/Screens (= 1.1.4)
    - Macaroon/Form/Utils (= 1.1.4)
    - Macaroon/Form/Views (= 1.1.4)
  - Macaroon/Form/Screens (1.1.4)
  - Macaroon/Form/Utils (1.1.4)
  - Macaroon/Form/Views (1.1.4)
  - Macaroon/MediaPicker (1.1.4)
  - Macaroon/Mixpanel (1.1.4):
    - Mixpanel-swift (~> 2.7)
  - Macaroon/PushNotification (1.1.4)
  - Macaroon/SVGImage (1.1.4):
    - Macaroon/URLImage
    - Macaw (= 0.9.7)
  - Macaroon/SwiftLint (1.1.4):
    - SwiftLint (~> 0.40)
  - Macaroon/TabBar (1.1.4)
  - Macaroon/Tryouts (1.1.4):
    - Tryouts
  - Macaroon/URLImage (1.1.4):
    - Kingfisher (~> 5.0)
    - Macaroon/URLImage/Utils (= 1.1.4)
    - Macaroon/URLImage/ViewModels (= 1.1.4)
    - Macaroon/URLImage/Views (= 1.1.4)
    - SWXMLHash (~> 5.0.1)
  - Macaroon/URLImage/Utils (1.1.4):
    - Kingfisher (~> 5.0)
    - Macaroon/URLImage/Utils/Extensions (= 1.1.4)
    - Macaroon/URLImage/Utils/Properties (= 1.1.4)
    - SWXMLHash (~> 5.0.1)
  - Macaroon/URLImage/Utils/Extensions (1.1.4):
    - Kingfisher (~> 5.0)
    - SWXMLHash (~> 5.0.1)
  - Macaroon/URLImage/Utils/Properties (1.1.4):
    - Kingfisher (~> 5.0)
    - SWXMLHash (~> 5.0.1)
  - Macaroon/URLImage/ViewModels (1.1.4):
    - Kingfisher (~> 5.0)
    - SWXMLHash (~> 5.0.1)
  - Macaroon/URLImage/Views (1.1.4):
    - Kingfisher (~> 5.0)
    - Macaroon/URLImage/Views/Components (= 1.1.4)
    - Macaroon/URLImage/Views/Configuration (= 1.1.4)
    - SWXMLHash (~> 5.0.1)
  - Macaroon/URLImage/Views/Components (1.1.4):
    - Kingfisher (~> 5.0)
    - SWXMLHash (~> 5.0.1)
  - Macaroon/URLImage/Views/Configuration (1.1.4):
    - Kingfisher (~> 5.0)
    - Macaroon/URLImage/Views/Configuration/Styling (= 1.1.4)
    - SWXMLHash (~> 5.0.1)
  - Macaroon/URLImage/Views/Configuration/Styling (1.1.4):
    - Kingfisher (~> 5.0)
    - SWXMLHash (~> 5.0.1)
  - Macaroon/Zendesk-Chat (1.1.4):
    - ZendeskChatSDK (~> 3.0.0)
  - Macaw (0.9.7):
    - SWXMLHash
  - MaterialComponents/AnimationTiming (110.1.0)
  - MaterialComponents/Availability (110.1.0)
  - MaterialComponents/private/Math (110.1.0)
  - "MaterialComponents/private/TextControlsPrivate+BaseStyle (110.1.0)":
    - MaterialComponents/AnimationTiming
    - MaterialComponents/private/Math
    - "MaterialComponents/private/TextControlsPrivate+Shared"
  - "MaterialComponents/private/TextControlsPrivate+FilledStyle (110.1.0)":
    - MaterialComponents/AnimationTiming
    - MaterialComponents/Availability
    - MaterialComponents/private/Math
    - "MaterialComponents/private/TextControlsPrivate+Shared"
    - "MaterialComponents/private/TextControlsPrivate+UnderlinedStyle"
  - "MaterialComponents/private/TextControlsPrivate+Shared (110.1.0)":
    - MaterialComponents/AnimationTiming
    - MaterialComponents/private/Math
    - "MaterialComponents/TextControls+Enums"
  - "MaterialComponents/private/TextControlsPrivate+TextFields (110.1.0)":
    - MaterialComponents/private/Math
    - "MaterialComponents/private/TextControlsPrivate+Shared"
  - "MaterialComponents/private/TextControlsPrivate+UnderlinedStyle (110.1.0)":
    - MaterialComponents/AnimationTiming
    - MaterialComponents/Availability
    - MaterialComponents/private/Math
    - "MaterialComponents/private/TextControlsPrivate+Shared"
  - "MaterialComponents/TextControls+BaseTextAreas (110.1.0)":
    - "MaterialComponents/private/TextControlsPrivate+BaseStyle"
    - "MaterialComponents/private/TextControlsPrivate+Shared"
    - MDFInternationalization
  - "MaterialComponents/TextControls+BaseTextFields (110.1.0)":
    - "MaterialComponents/private/TextControlsPrivate+BaseStyle"
    - "MaterialComponents/private/TextControlsPrivate+Shared"
    - "MaterialComponents/private/TextControlsPrivate+TextFields"
    - MDFInternationalization
  - "MaterialComponents/TextControls+Enums (110.1.0)"
  - "MaterialComponents/TextControls+FilledTextAreas (110.1.0)":
    - MaterialComponents/Availability
    - "MaterialComponents/private/TextControlsPrivate+FilledStyle"
    - "MaterialComponents/TextControls+BaseTextAreas"
  - "MaterialComponents/TextControls+FilledTextFields (110.1.0)":
    - MaterialComponents/Availability
    - "MaterialComponents/private/TextControlsPrivate+FilledStyle"
    - "MaterialComponents/TextControls+BaseTextFields"
  - MDFInternationalization (3.0.0)
  - Mixpanel-swift (2.10.4):
    - Mixpanel-swift/Complete (= 2.10.4)
  - Mixpanel-swift/Complete (2.10.4)
  - SnapKit (5.0.1)
  - SwiftLint (0.59.1)
  - SWXMLHash (5.0.1)
  - Tryouts (0.2.2)
  - ZendeskChatProvidersSDK (3.0.0)
  - ZendeskChatSDK (3.0.0):
    - ZendeskChatProvidersSDK (= 3.0.0)
    - ZendeskMessagingSDK (= 4.0.0)
  - ZendeskCommonUISDK (7.0.0)
  - ZendeskMessagingAPISDK (4.0.0):
    - ZendeskSDKConfigurationsSDK (= 2.0.0)
  - ZendeskMessagingSDK (4.0.0):
    - ZendeskCommonUISDK (= 7.0.0)
    - ZendeskMessagingAPISDK (= 4.0.0)
  - ZendeskSDKConfigurationsSDK (2.0.0)

DEPENDENCIES:
  - Macaroon/Banner (from `../`)
  - Macaroon/Biometrics (from `../`)
  - Macaroon/Core (from `../`)
  - Macaroon/Core-Hipo (from `../`)
  - Macaroon/CustomUI/FloatingPlaceholderTextInputs (from `../`)
  - Macaroon/Form (from `../`)
  - Macaroon/MediaPicker (from `../`)
  - Macaroon/Mixpanel (from `../`)
  - Macaroon/PushNotification (from `../`)
  - Macaroon/SVGImage (from `../`)
  - Macaroon/SwiftLint (from `../`)
  - Macaroon/TabBar (from `../`)
  - Macaroon/Tryouts (from `../`)
  - Macaroon/Zendesk-Chat (from `../`)

SPEC REPOS:
  trunk:
    - Kingfisher
    - Macaw
    - MaterialComponents
    - MDFInternationalization
    - Mixpanel-swift
    - SnapKit
    - SwiftLint
    - SWXMLHash
    - Tryouts
    - ZendeskChatProvidersSDK
    - ZendeskChatSDK
    - ZendeskCommonUISDK
    - ZendeskMessagingAPISDK
    - ZendeskMessagingSDK
    - ZendeskSDKConfigurationsSDK

EXTERNAL SOURCES:
  Macaroon:
    :path: "../"

SPEC CHECKSUMS:
  Kingfisher: a3c03d702433fa6cfedabb2bddbe076fb8f2e902
  Macaroon: 9ddc22e3be21d777dbe14debd37786bc0714ff5a
  Macaw: 4a931baf9a9826b06d0d8ecf300014c962ab9d50
  MaterialComponents: 4cb6659322cfc38bb0a7e40fba1866daaefeb12c
  MDFInternationalization: d697c55307816222a55685c4ccb1044ffb030c12
  Mixpanel-swift: 9fabd0585985d32cb6951e759d307d615a9c6f7b
  SnapKit: 97b92857e3df3a0c71833cce143274bf6ef8e5eb
  SwiftLint: 3d48e2fb2a3468fdaccf049e5e755df22fb40c2c
  SWXMLHash: 9cc0c2e4807926c74377724aa8722ee5707a0485
  Tryouts: 895f75819b337f1d0de7c2d0ed743f254e4cbb99
  ZendeskChatProvidersSDK: af93e02e2058875f92e6ad86e74ee51203b4079e
  ZendeskChatSDK: fe03650a5ebe3d35fd1f4da90792021f809bcf11
  ZendeskCommonUISDK: f06dbac6c9e74c3afff75ecdc6bec3832b23258c
  ZendeskMessagingAPISDK: 95a99f1eab9482b4106ec88466b93a89f9f7c5fa
  ZendeskMessagingSDK: 4f5f3d43766bb3b2ea6411d1331cfe609ff33618
  ZendeskSDKConfigurationsSDK: a5c21010e17b71d02bc2cfe73dcc9da1efa0a7b2

PODFILE CHECKSUM: ee060a736ce12c5c62407e46d1d3431310a0b9d4

COCOAPODS: 1.16.2
